// !$*UTF8*$!
{
	archiveVersion = 1;
	classes = {
	};
	objectVersion = 46;
	objects = {

/* Begin PBXBuildFile section */
		C280FB6A1586176E009E412F /* Cocoa.framework in Frameworks */ = {isa = PBXBuildFile; fileRef = C280FB691586176E009E412F /* Cocoa.framework */; };
		C280FB741586176E009E412F /* InfoPlist.strings in Resources */ = {isa = PBXBuildFile; fileRef = C280FB721586176E009E412F /* InfoPlist.strings */; };
		C280FB761586176E009E412F /* main.m in Sources */ = {isa = PBXBuildFile; fileRef = C280FB751586176E009E412F /* main.m */; };
		C280FB7A1586176E009E412F /* Credits.rtf in Resources */ = {isa = PBXBuildFile; fileRef = C280FB781586176E009E412F /* Credits.rtf */; };
		C280FB7D1586176E009E412F /* KSAppDelegate.m in Sources */ = {isa = PBXBuildFile; fileRef = C280FB7C1586176E009E412F /* KSAppDelegate.m */; };
		C280FB801586176F009E412F /* MainMenu.xib in Resources */ = {isa = PBXBuildFile; fileRef = C280FB7E1586176F009E412F /* MainMenu.xib */; };
		C280FB911586177C009E412F /* PTHotKey.m in Sources */ = {isa = PBXBuildFile; fileRef = C280FB871586177C009E412F /* PTHotKey.m */; settings = {COMPILER_FLAGS = "-fno-objc-arc"; }; };
		C280FB921586177C009E412F /* PTHotKeyCenter.m in Sources */ = {isa = PBXBuildFile; fileRef = C280FB891586177C009E412F /* PTHotKeyCenter.m */; settings = {COMPILER_FLAGS = "-fno-objc-arc"; }; };
		C280FB931586177C009E412F /* PTKeyBroadcaster.m in Sources */ = {isa = PBXBuildFile; fileRef = C280FB8B1586177C009E412F /* PTKeyBroadcaster.m */; settings = {COMPILER_FLAGS = "-fno-objc-arc"; }; };
		C280FB941586177C009E412F /* PTKeyCodes.plist in Resources */ = {isa = PBXBuildFile; fileRef = C280FB8C1586177C009E412F /* PTKeyCodes.plist */; };
		C280FB951586177C009E412F /* PTKeyCombo.m in Sources */ = {isa = PBXBuildFile; fileRef = C280FB8E1586177C009E412F /* PTKeyCombo.m */; settings = {COMPILER_FLAGS = "-fno-objc-arc"; }; };
		C280FB961586177C009E412F /* PTKeyComboPanel.m in Sources */ = {isa = PBXBuildFile; fileRef = C280FB901586177C009E412F /* PTKeyComboPanel.m */; settings = {COMPILER_FLAGS = "-fno-objc-arc"; }; };
		C280FB981586193A009E412F /* Carbon.framework in Frameworks */ = {isa = PBXBuildFile; fileRef = C280FB971586193A009E412F /* Carbon.framework */; };
		C280FB9B15861FFF009E412F /* PTKeyComboPanel.xib in Resources */ = {isa = PBXBuildFile; fileRef = C280FB9A15861FFF009E412F /* PTKeyComboPanel.xib */; };
/* End PBXBuildFile section */

/* Begin PBXFileReference section */
		C280FB651586176E009E412F /* PTHotKeyTest.app */ = {isa = PBXFileReference; explicitFileType = wrapper.application; includeInIndex = 0; path = PTHotKeyTest.app; sourceTree = BUILT_PRODUCTS_DIR; };
		C280FB691586176E009E412F /* Cocoa.framework */ = {isa = PBXFileReference; lastKnownFileType = wrapper.framework; name = Cocoa.framework; path = System/Library/Frameworks/Cocoa.framework; sourceTree = SDKROOT; };
		C280FB6C1586176E009E412F /* AppKit.framework */ = {isa = PBXFileReference; lastKnownFileType = wrapper.framework; name = AppKit.framework; path = System/Library/Frameworks/AppKit.framework; sourceTree = SDKROOT; };
		C280FB6D1586176E009E412F /* CoreData.framework */ = {isa = PBXFileReference; lastKnownFileType = wrapper.framework; name = CoreData.framework; path = System/Library/Frameworks/CoreData.framework; sourceTree = SDKROOT; };
		C280FB6E1586176E009E412F /* Foundation.framework */ = {isa = PBXFileReference; lastKnownFileType = wrapper.framework; name = Foundation.framework; path = System/Library/Frameworks/Foundation.framework; sourceTree = SDKROOT; };
		C280FB711586176E009E412F /* PTHotKeyTest-Info.plist */ = {isa = PBXFileReference; lastKnownFileType = text.plist.xml; path = "PTHotKeyTest-Info.plist"; sourceTree = "<group>"; };
		C280FB731586176E009E412F /* en */ = {isa = PBXFileReference; lastKnownFileType = text.plist.strings; name = en; path = en.lproj/InfoPlist.strings; sourceTree = "<group>"; };
		C280FB751586176E009E412F /* main.m */ = {isa = PBXFileReference; lastKnownFileType = sourcecode.c.objc; path = main.m; sourceTree = "<group>"; };
		C280FB771586176E009E412F /* PTHotKeyTest-Prefix.pch */ = {isa = PBXFileReference; lastKnownFileType = sourcecode.c.h; path = "PTHotKeyTest-Prefix.pch"; sourceTree = "<group>"; };
		C280FB791586176E009E412F /* en */ = {isa = PBXFileReference; lastKnownFileType = text.rtf; name = en; path = en.lproj/Credits.rtf; sourceTree = "<group>"; };
		C280FB7B1586176E009E412F /* KSAppDelegate.h */ = {isa = PBXFileReference; lastKnownFileType = sourcecode.c.h; path = KSAppDelegate.h; sourceTree = "<group>"; };
		C280FB7C1586176E009E412F /* KSAppDelegate.m */ = {isa = PBXFileReference; lastKnownFileType = sourcecode.c.objc; path = KSAppDelegate.m; sourceTree = "<group>"; };
		C280FB7F1586176F009E412F /* en */ = {isa = PBXFileReference; lastKnownFileType = file.xib; name = en; path = en.lproj/MainMenu.xib; sourceTree = "<group>"; };
		C280FB861586177C009E412F /* PTHotKey.h */ = {isa = PBXFileReference; fileEncoding = 4; lastKnownFileType = sourcecode.c.h; path = PTHotKey.h; sourceTree = "<group>"; };
		C280FB871586177C009E412F /* PTHotKey.m */ = {isa = PBXFileReference; fileEncoding = 4; lastKnownFileType = sourcecode.c.objc; path = PTHotKey.m; sourceTree = "<group>"; };
		C280FB881586177C009E412F /* PTHotKeyCenter.h */ = {isa = PBXFileReference; fileEncoding = 4; lastKnownFileType = sourcecode.c.h; path = PTHotKeyCenter.h; sourceTree = "<group>"; };
		C280FB891586177C009E412F /* PTHotKeyCenter.m */ = {isa = PBXFileReference; fileEncoding = 4; lastKnownFileType = sourcecode.c.objc; path = PTHotKeyCenter.m; sourceTree = "<group>"; };
		C280FB8A1586177C009E412F /* PTKeyBroadcaster.h */ = {isa = PBXFileReference; fileEncoding = 4; lastKnownFileType = sourcecode.c.h; path = PTKeyBroadcaster.h; sourceTree = "<group>"; };
		C280FB8B1586177C009E412F /* PTKeyBroadcaster.m */ = {isa = PBXFileReference; fileEncoding = 4; lastKnownFileType = sourcecode.c.objc; path = PTKeyBroadcaster.m; sourceTree = "<group>"; };
		C280FB8C1586177C009E412F /* PTKeyCodes.plist */ = {isa = PBXFileReference; lastKnownFileType = text.plist; path = PTKeyCodes.plist; sourceTree = "<group>"; };
		C280FB8D1586177C009E412F /* PTKeyCombo.h */ = {isa = PBXFileReference; fileEncoding = 4; lastKnownFileType = sourcecode.c.h; path = PTKeyCombo.h; sourceTree = "<group>"; };
		C280FB8E1586177C009E412F /* PTKeyCombo.m */ = {isa = PBXFileReference; fileEncoding = 4; lastKnownFileType = sourcecode.c.objc; path = PTKeyCombo.m; sourceTree = "<group>"; };
		C280FB8F1586177C009E412F /* PTKeyComboPanel.h */ = {isa = PBXFileReference; fileEncoding = 4; lastKnownFileType = sourcecode.c.h; path = PTKeyComboPanel.h; sourceTree = "<group>"; };
		C280FB901586177C009E412F /* PTKeyComboPanel.m */ = {isa = PBXFileReference; fileEncoding = 4; lastKnownFileType = sourcecode.c.objc; path = PTKeyComboPanel.m; sourceTree = "<group>"; };
		C280FB971586193A009E412F /* Carbon.framework */ = {isa = PBXFileReference; lastKnownFileType = wrapper.framework; name = Carbon.framework; path = System/Library/Frameworks/Carbon.framework; sourceTree = SDKROOT; };
		C280FB9A15861FFF009E412F /* PTKeyComboPanel.xib */ = {isa = PBXFileReference; fileEncoding = 4; lastKnownFileType = file.xib; path = PTKeyComboPanel.xib; sourceTree = "<group>"; };
/* End PBXFileReference section */

/* Begin PBXFrameworksBuildPhase section */
		C280FB621586176E009E412F /* Frameworks */ = {
			isa = PBXFrameworksBuildPhase;
			buildActionMask = 2147483647;
			files = (
				C280FB981586193A009E412F /* Carbon.framework in Frameworks */,
				C280FB6A1586176E009E412F /* Cocoa.framework in Frameworks */,
			);
			runOnlyForDeploymentPostprocessing = 0;
		};
/* End PBXFrameworksBuildPhase section */

/* Begin PBXGroup section */
		C280FB5A1586176E009E412F = {
			isa = PBXGroup;
			children = (
				C280FB6F1586176E009E412F /* PTHotKeyTest */,
				C280FB681586176E009E412F /* Frameworks */,
				C280FB661586176E009E412F /* Products */,
			);
			sourceTree = "<group>";
		};
		C280FB661586176E009E412F /* Products */ = {
			isa = PBXGroup;
			children = (
				C280FB651586176E009E412F /* PTHotKeyTest.app */,
			);
			name = Products;
			sourceTree = "<group>";
		};
		C280FB681586176E009E412F /* Frameworks */ = {
			isa = PBXGroup;
			children = (
				C280FB691586176E009E412F /* Cocoa.framework */,
				C280FB971586193A009E412F /* Carbon.framework */,
				C280FB6B1586176E009E412F /* Other Frameworks */,
			);
			name = Frameworks;
			sourceTree = "<group>";
		};
		C280FB6B1586176E009E412F /* Other Frameworks */ = {
			isa = PBXGroup;
			children = (
				C280FB6C1586176E009E412F /* AppKit.framework */,
				C280FB6D1586176E009E412F /* CoreData.framework */,
				C280FB6E1586176E009E412F /* Foundation.framework */,
			);
			name = "Other Frameworks";
			sourceTree = "<group>";
		};
		C280FB6F1586176E009E412F /* PTHotKeyTest */ = {
			isa = PBXGroup;
			children = (
				C280FB7B1586176E009E412F /* KSAppDelegate.h */,
				C280FB7C1586176E009E412F /* KSAppDelegate.m */,
				C280FB7E1586176F009E412F /* MainMenu.xib */,
				C280FB9A15861FFF009E412F /* PTKeyComboPanel.xib */,
				C280FB9915861D39009E412F /* PTHotKey */,
				C280FB701586176E009E412F /* Supporting Files */,
			);
			path = PTHotKeyTest;
			sourceTree = "<group>";
		};
		C280FB701586176E009E412F /* Supporting Files */ = {
			isa = PBXGroup;
			children = (
				C280FB711586176E009E412F /* PTHotKeyTest-Info.plist */,
				C280FB721586176E009E412F /* InfoPlist.strings */,
				C280FB751586176E009E412F /* main.m */,
				C280FB771586176E009E412F /* PTHotKeyTest-Prefix.pch */,
				C280FB781586176E009E412F /* Credits.rtf */,
			);
			name = "Supporting Files";
			sourceTree = "<group>";
		};
		C280FB9915861D39009E412F /* PTHotKey */ = {
			isa = PBXGroup;
			children = (
				C280FB861586177C009E412F /* PTHotKey.h */,
				C280FB871586177C009E412F /* PTHotKey.m */,
				C280FB881586177C009E412F /* PTHotKeyCenter.h */,
				C280FB891586177C009E412F /* PTHotKeyCenter.m */,
				C280FB8A1586177C009E412F /* PTKeyBroadcaster.h */,
				C280FB8B1586177C009E412F /* PTKeyBroadcaster.m */,
				C280FB8C1586177C009E412F /* PTKeyCodes.plist */,
				C280FB8D1586177C009E412F /* PTKeyCombo.h */,
				C280FB8E1586177C009E412F /* PTKeyCombo.m */,
				C280FB8F1586177C009E412F /* PTKeyComboPanel.h */,
				C280FB901586177C009E412F /* PTKeyComboPanel.m */,
			);
			name = PTHotKey;
			sourceTree = "<group>";
		};
/* End PBXGroup section */

/* Begin PBXNativeTarget section */
		C280FB641586176E009E412F /* PTHotKeyTest */ = {
			isa = PBXNativeTarget;
			buildConfigurationList = C280FB831586176F009E412F /* Build configuration list for PBXNativeTarget "PTHotKeyTest" */;
			buildPhases = (
				C280FB611586176E009E412F /* Sources */,
				C280FB621586176E009E412F /* Frameworks */,
				C280FB631586176E009E412F /* Resources */,
			);
			buildRules = (
			);
			dependencies = (
			);
			name = PTHotKeyTest;
			productName = PTHotKeyTest;
			productReference = C280FB651586176E009E412F /* PTHotKeyTest.app */;
			productType = "com.apple.product-type.application";
		};
/* End PBXNativeTarget section */

/* Begin PBXProject section */
		C280FB5C1586176E009E412F /* Project object */ = {
			isa = PBXProject;
			attributes = {
				CLASSPREFIX = KS;
				LastUpgradeCheck = 0430;
			};
			buildConfigurationList = C280FB5F1586176E009E412F /* Build configuration list for PBXProject "PTHotKeyTest" */;
			compatibilityVersion = "Xcode 3.2";
			developmentRegion = English;
			hasScannedForEncodings = 0;
			knownRegions = (
				en,
			);
			mainGroup = C280FB5A1586176E009E412F;
			productRefGroup = C280FB661586176E009E412F /* Products */;
			projectDirPath = "";
			projectRoot = "";
			targets = (
				C280FB641586176E009E412F /* PTHotKeyTest */,
			);
		};
/* End PBXProject section */

/* Begin PBXResourcesBuildPhase section */
		C280FB631586176E009E412F /* Resources */ = {
			isa = PBXResourcesBuildPhase;
			buildActionMask = 2147483647;
			files = (
				C280FB741586176E009E412F /* InfoPlist.strings in Resources */,
				C280FB7A1586176E009E412F /* Credits.rtf in Resources */,
				C280FB801586176F009E412F /* MainMenu.xib in Resources */,
				C280FB941586177C009E412F /* PTKeyCodes.plist in Resources */,
				C280FB9B15861FFF009E412F /* PTKeyComboPanel.xib in Resources */,
			);
			runOnlyForDeploymentPostprocessing = 0;
		};
/* End PBXResourcesBuildPhase section */

/* Begin PBXSourcesBuildPhase section */
		C280FB611586176E009E412F /* Sources */ = {
			isa = PBXSourcesBuildPhase;
			buildActionMask = 2147483647;
			files = (
				C280FB761586176E009E412F /* main.m in Sources */,
				C280FB7D1586176E009E412F /* KSAppDelegate.m in Sources */,
				C280FB911586177C009E412F /* PTHotKey.m in Sources */,
				C280FB921586177C009E412F /* PTHotKeyCenter.m in Sources */,
				C280FB931586177C009E412F /* PTKeyBroadcaster.m in Sources */,
				C280FB951586177C009E412F /* PTKeyCombo.m in Sources */,
				C280FB961586177C009E412F /* PTKeyComboPanel.m in Sources */,
			);
			runOnlyForDeploymentPostprocessing = 0;
		};
/* End PBXSourcesBuildPhase section */

/* Begin PBXVariantGroup section */
		C280FB721586176E009E412F /* InfoPlist.strings */ = {
			isa = PBXVariantGroup;
			children = (
				C280FB731586176E009E412F /* en */,
			);
			name = InfoPlist.strings;
			sourceTree = "<group>";
		};
		C280FB781586176E009E412F /* Credits.rtf */ = {
			isa = PBXVariantGroup;
			children = (
				C280FB791586176E009E412F /* en */,
			);
			name = Credits.rtf;
			sourceTree = "<group>";
		};
		C280FB7E1586176F009E412F /* MainMenu.xib */ = {
			isa = PBXVariantGroup;
			children = (
				C280FB7F1586176F009E412F /* en */,
			);
			name = MainMenu.xib;
			sourceTree = "<group>";
		};
/* End PBXVariantGroup section */

/* Begin XCBuildConfiguration section */
		C280FB811586176F009E412F /* Debug */ = {
			isa = XCBuildConfiguration;
			buildSettings = {
				ALWAYS_SEARCH_USER_PATHS = NO;
				ARCHS = "$(ARCHS_STANDARD_64_BIT)";
				CLANG_ENABLE_OBJC_ARC = YES;
				COPY_PHASE_STRIP = NO;
				GCC_C_LANGUAGE_STANDARD = gnu99;
				GCC_DYNAMIC_NO_PIC = NO;
				GCC_ENABLE_OBJC_EXCEPTIONS = YES;
				GCC_OPTIMIZATION_LEVEL = 0;
				GCC_PREPROCESSOR_DEFINITIONS = (
					"DEBUG=1",
					"$(inherited)",
				);
				GCC_SYMBOLS_PRIVATE_EXTERN = NO;
				GCC_VERSION = com.apple.compilers.llvm.clang.1_0;
				GCC_WARN_64_TO_32_BIT_CONVERSION = YES;
				GCC_WARN_ABOUT_RETURN_TYPE = YES;
				GCC_WARN_UNINITIALIZED_AUTOS = YES;
				GCC_WARN_UNUSED_VARIABLE = YES;
				MACOSX_DEPLOYMENT_TARGET = 10.7;
				ONLY_ACTIVE_ARCH = YES;
				OTHER_LDFLAGS = "";
				SDKROOT = macosx;
			};
			name = Debug;
		};
		C280FB821586176F009E412F /* Release */ = {
			isa = XCBuildConfiguration;
			buildSettings = {
				ALWAYS_SEARCH_USER_PATHS = NO;
				ARCHS = "$(ARCHS_STANDARD_64_BIT)";
				CLANG_ENABLE_OBJC_ARC = YES;
				COPY_PHASE_STRIP = YES;
				DEBUG_INFORMATION_FORMAT = "dwarf-with-dsym";
				GCC_C_LANGUAGE_STANDARD = gnu99;
				GCC_ENABLE_OBJC_EXCEPTIONS = YES;
				GCC_VERSION = com.apple.compilers.llvm.clang.1_0;
				GCC_WARN_64_TO_32_BIT_CONVERSION = YES;
				GCC_WARN_ABOUT_RETURN_TYPE = YES;
				GCC_WARN_UNINITIALIZED_AUTOS = YES;
				GCC_WARN_UNUSED_VARIABLE = YES;
				MACOSX_DEPLOYMENT_TARGET = 10.7;
				OTHER_LDFLAGS = "";
				SDKROOT = macosx;
			};
			name = Release;
		};
		C280FB841586176F009E412F /* Debug */ = {
			isa = XCBuildConfiguration;
			buildSettings = {
				GCC_PRECOMPILE_PREFIX_HEADER = YES;
				GCC_PREFIX_HEADER = "PTHotKeyTest/PTHotKeyTest-Prefix.pch";
				INFOPLIST_FILE = "PTHotKeyTest/PTHotKeyTest-Info.plist";
				OTHER_LDFLAGS = "-all_load";
				PRODUCT_NAME = "$(TARGET_NAME)";
				WRAPPER_EXTENSION = app;
			};
			name = Debug;
		};
		C280FB851586176F009E412F /* Release */ = {
			isa = XCBuildConfiguration;
			buildSettings = {
				GCC_PRECOMPILE_PREFIX_HEADER = YES;
				GCC_PREFIX_HEADER = "PTHotKeyTest/PTHotKeyTest-Prefix.pch";
				INFOPLIST_FILE = "PTHotKeyTest/PTHotKeyTest-Info.plist";
				OTHER_LDFLAGS = "-all_load";
				PRODUCT_NAME = "$(TARGET_NAME)";
				WRAPPER_EXTENSION = app;
			};
			name = Release;
		};
/* End XCBuildConfiguration section */

/* Begin XCConfigurationList section */
		C280FB5F1586176E009E412F /* Build configuration list for PBXProject "PTHotKeyTest" */ = {
			isa = XCConfigurationList;
			buildConfigurations = (
				C280FB811586176F009E412F /* Debug */,
				C280FB821586176F009E412F /* Release */,
			);
			defaultConfigurationIsVisible = 0;
			defaultConfigurationName = Release;
		};
		C280FB831586176F009E412F /* Build configuration list for PBXNativeTarget "PTHotKeyTest" */ = {
			isa = XCConfigurationList;
			buildConfigurations = (
				C280FB841586176F009E412F /* Debug */,
				C280FB851586176F009E412F /* Release */,
			);
			defaultConfigurationIsVisible = 0;
			defaultConfigurationName = Release;
		};
/* End XCConfigurationList section */
	};
	rootObject = C280FB5C1586176E009E412F /* Project object */;
}
